
Microsoft Visual Studio Solution File, Format Version 12.00
# Visual Studio Version 17
VisualStudioVersion = 17.6.33815.320
MinimumVisualStudioVersion = 10.0.40219.1
Project("{FAE04EC0-301F-11D3-BF4B-00C04F79EFBC}") = "Kanna Protecc OSC", "Kanna Protecc OSC.csproj", "{7335A75C-CBA9-4999-B7E1-B5124252B3BB}"
EndProject
Global
	GlobalSection(SolutionConfigurationPlatforms) = preSolution
		Debug|Any CPU = Debug|Any CPU
		Release|Any CPU = Release|Any CPU
	EndGlobalSection
	GlobalSection(ProjectConfigurationPlatforms) = postSolution
		{7335A75C-CBA9-4999-B7E1-B5124252B3BB}.Debug|Any CPU.ActiveCfg = Debug|Any CPU
		{7335A75C-CBA9-4999-B7E1-B5124252B3BB}.Debug|Any CPU.Build.0 = Debug|Any CPU
		{7335A75C-CBA9-4999-B7E1-B5124252B3BB}.Release|Any CPU.ActiveCfg = Release|Any CPU
		{7335A75C-CBA9-4999-B7E1-B5124252B3BB}.Release|Any CPU.Build.0 = Release|Any CPU
	EndGlobalSection
	GlobalSection(SolutionProperties) = preSolution
		HideSolutionNode = FALSE
	EndGlobalSection
	GlobalSection(ExtensibilityGlobals) = postSolution
		SolutionGuid = {2D5C008D-D8FD-4523-AFA6-12059B3F3B80}
	EndGlobalSection
EndGlobal
